{
  "version": "5",
  "specifiers": {
    "jsr:@amethyst/discord-emoji@2.5.3": "2.5.3",
    "jsr:@cm-iv/queue@1.0.0": "1.0.0",
    "jsr:@ledger/console-handler@0.2.4": "0.2.4",
    "jsr:@ledger/ledger@0.3.7": "0.3.7",
    "jsr:@std/datetime@0.225.7": "0.225.7",
    "jsr:@std/fmt@1.0.9": "1.0.9",
    "jsr:@std/fs@1.0.19": "1.0.19",
    "jsr:@std/internal@^1.0.10": "1.0.12",
    "jsr:@std/internal@^1.0.9": "1.0.12",
    "jsr:@std/path@1.1.2": "1.1.2",
    "jsr:@std/path@^1.1.1": "1.1.2",
    "jsr:@std/ulid@1.0.0": "1.0.0",
    "npm:@discordjs/builders@dev": "2.0.0-dev.1773446773-2a067216c",
    "npm:@leeoniya/ufuzzy@1.0.19": "1.0.19",
    "npm:bufferutil@*": "4.1.0",
    "npm:cron@4.3.3": "4.3.3",
    "npm:discord.js@dev": "15.0.0-dev.1773446773-2a067216c_bufferutil@4.1.0",
    "npm:zlib-sync@*": "0.1.10"
  },
  "jsr": {
    "@amethyst/discord-emoji@2.5.3": {
      "integrity": "f3f8c07efb5c9e014bf65cd6afaef436aa8492c61c66d975fd1318c652fce6be"
    },
    "@cm-iv/queue@1.0.0": {
      "integrity": "0dc1da37987077e765240a73f7164196fca065ce585fcb542f8db50831078f0a"
    },
    "@ledger/console-handler@0.2.4": {
      "integrity": "95c85265e110050aae0a08f8270bb4a947987371898f191e5e91d85dfce39029",
      "dependencies": [
        "jsr:@ledger/ledger",
        "jsr:@std/datetime",
        "jsr:@std/fmt"
      ]
    },
    "@ledger/ledger@0.3.7": {
      "integrity": "2239dba9f7cef01dbb1ffc32ad98ad47fac1d4aa8051b25a04055b87488ebce7",
      "dependencies": [
        "jsr:@cm-iv/queue"
      ]
    },
    "@std/datetime@0.225.7": {
      "integrity": "e62c6c454a0ecfc2918fe41e7a621e0f334a6f82605e98fd32eb1e6371999328"
    },
    "@std/fmt@1.0.9": {
      "integrity": "2487343e8899fb2be5d0e3d35013e54477ada198854e52dd05ed0422eddcabe0"
    },
    "@std/fs@1.0.19": {
      "integrity": "051968c2b1eae4d2ea9f79a08a3845740ef6af10356aff43d3e2ef11ed09fb06",
      "dependencies": [
        "jsr:@std/internal@^1.0.9",
        "jsr:@std/path@^1.1.1"
      ]
    },
    "@std/internal@1.0.12": {
      "integrity": "972a634fd5bc34b242024402972cd5143eac68d8dffaca5eaa4dba30ce17b027"
    },
    "@std/path@1.1.2": {
      "integrity": "c0b13b97dfe06546d5e16bf3966b1cadf92e1cc83e56ba5476ad8b498d9e3038",
      "dependencies": [
        "jsr:@std/internal@^1.0.10"
      ]
    },
    "@std/ulid@1.0.0": {
      "integrity": "d41c3d27a907714413649fee864b7cde8d42ee68437d22b79d5de4f81d808780"
    }
  },
  "npm": {
    "@discordjs/builders@2.0.0-dev.1773446773-2a067216c": {
      "integrity": "sha512-DkuhDm/5NuaZ2Q7ICanQasPQ1RnSkGE30GZdqBNZ2aHbe1w5yZQPfnH/u381K6IMdaZ9Pl5JaL9QCw4u9iA5tQ==",
      "dependencies": [
        "@discordjs/util",
        "discord-api-types",
        "ts-mixer",
        "tslib",
        "zod"
      ]
    },
    "@discordjs/collection@3.0.0-dev.1773446773-2a067216c": {
      "integrity": "sha512-KDtN1L4hJVuejhnwUiqaJWOlu89SY2F3OnJv7QNNLyImS3b5KhLLO/tPwlelklpI6XG4zq0+szXBbFwcEkSrsA=="
    },
    "@discordjs/formatters@1.0.0-dev.1773446773-2a067216c": {
      "integrity": "sha512-j1bA3JKIMe5AbJ/TTcJcYqhyT4AeRmpUXh8cXP5wgYSyFX0uHVIOz7Jiq//vhnKbKYiUWCm8u9srFAo3QMTu0g==",
      "dependencies": [
        "discord-api-types"
      ]
    },
    "@discordjs/rest@3.0.0-dev.1773446773-2a067216c": {
      "integrity": "sha512-aBdUGYStZ5L9/hlRgjPc7kqLo1KjY13lUZt9cW9pYMR/8qZNLTdOgK1y/cztYgQN6DOWCD9kTYdtGxgxiKXNQw==",
      "dependencies": [
        "@discordjs/collection",
        "@discordjs/util",
        "@sapphire/async-queue",
        "@sapphire/snowflake",
        "@vladfrangu/async_event_emitter",
        "discord-api-types",
        "magic-bytes.js",
        "tslib",
        "undici",
        "uuid"
      ]
    },
    "@discordjs/util@2.0.0-dev.1773446773-2a067216c": {
      "integrity": "sha512-WzLkpD6Ze/jkOg+EPP9soOgVmz1zqw4abx0AazbT8FaOLaQlN8Ye3m8vDNwlAIUQnMtYCg1/O58AzLUMNg6pnQ==",
      "dependencies": [
        "discord-api-types"
      ]
    },
    "@discordjs/ws@3.0.0-dev.1773446773-2a067216c_bufferutil@4.1.0": {
      "integrity": "sha512-RPvOIWT/+ogCsaESlJwyGHGZuQupvV5rWQ0v+y66vLXZaMwJzo5z9hZC0xJNRu9sqyJVIUuAt70RfUFAy4h7ww==",
      "dependencies": [
        "@discordjs/collection",
        "@discordjs/util",
        "@sapphire/async-queue",
        "@types/ws",
        "@vladfrangu/async_event_emitter",
        "discord-api-types",
        "tslib",
        "ws"
      ]
    },
    "@leeoniya/ufuzzy@1.0.19": {
      "integrity": "sha512-0pikDeYt0IHEUPza5RTCDXc/17S1pTrYnReEMp8Aa6k1ovzw5QdZLwicW8TjljwEZRb6oYag0xmALohrcq/yOQ=="
    },
    "@sapphire/async-queue@1.5.5": {
      "integrity": "sha512-cvGzxbba6sav2zZkH8GPf2oGk9yYoD5qrNWdu9fRehifgnFZJMV+nuy2nON2roRO4yQQ+v7MK/Pktl/HgfsUXg=="
    },
    "@sapphire/snowflake@3.5.5": {
      "integrity": "sha512-xzvBr1Q1c4lCe7i6sRnrofxeO1QTP/LKQ6A6qy0iB4x5yfiSfARMEQEghojzTNALDTcv8En04qYNIco9/K9eZQ=="
    },
    "@types/luxon@3.7.1": {
      "integrity": "sha512-H3iskjFIAn5SlJU7OuxUmTEpebK6TKB8rxZShDslBMZJ5u9S//KM1sbdAisiSrqwLQncVjnpi2OK2J51h+4lsg=="
    },
    "@types/node@25.5.0": {
      "integrity": "sha512-jp2P3tQMSxWugkCUKLRPVUpGaL5MVFwF8RDuSRztfwgN1wmqJeMSbKlnEtQqU8UrhTmzEmZdu2I6v2dpp7XIxw==",
      "dependencies": [
        "undici-types"
      ]
    },
    "@types/ws@8.18.1": {
      "integrity": "sha512-ThVF6DCVhA8kUGy+aazFQ4kXQ7E1Ty7A3ypFOe0IcJV8O/M511G99AW24irKrW56Wt44yG9+ij8FaqoBGkuBXg==",
      "dependencies": [
        "@types/node"
      ]
    },
    "@vladfrangu/async_event_emitter@2.4.7": {
      "integrity": "sha512-Xfe6rpCTxSxfbswi/W/Pz7zp1WWSNn4A0eW4mLkQUewCrXXtMj31lCg+iQyTkh/CkusZSq9eDflu7tjEDXUY6g=="
    },
    "bufferutil@4.1.0": {
      "integrity": "sha512-ZMANVnAixE6AWWnPzlW2KpUrxhm9woycYvPOo67jWHyFowASTEd9s+QN1EIMsSDtwhIxN4sWE1jotpuDUIgyIw==",
      "dependencies": [
        "node-gyp-build"
      ],
      "scripts": true
    },
    "cron@4.3.3": {
      "integrity": "sha512-B/CJj5yL3sjtlun6RtYHvoSB26EmQ2NUmhq9ZiJSyKIM4K/fqfh9aelDFlIayD2YMeFZqWLi9hHV+c+pq2Djkw==",
      "dependencies": [
        "@types/luxon",
        "luxon"
      ]
    },
    "discord-api-types@0.38.42": {
      "integrity": "sha512-qs1kya7S84r5RR8m9kgttywGrmmoHaRifU1askAoi+wkoSefLpZP6aGXusjNw5b0jD3zOg3LTwUa3Tf2iHIceQ=="
    },
    "discord.js@15.0.0-dev.1773446773-2a067216c_bufferutil@4.1.0": {
      "integrity": "sha512-G/3huX03vzi1tNSKgiJCDcFJ4E8kw5/zeALcoc08wsowHU4znN9G79mqIZSvBQgt8qB9duvrZUWC5gLxd84gSg==",
      "dependencies": [
        "@discordjs/collection",
        "@discordjs/formatters",
        "@discordjs/rest",
        "@discordjs/util",
        "@discordjs/ws",
        "@sapphire/snowflake",
        "@vladfrangu/async_event_emitter",
        "discord-api-types",
        "fast-deep-equal",
        "lodash.snakecase",
        "magic-bytes.js",
        "tslib",
        "undici"
      ]
    },
    "fast-deep-equal@3.1.3": {
      "integrity": "sha512-f3qQ9oQy9j2AhBe/H9VC91wLmKBCCU/gDOnKNAYG5hswO7BLKj09Hc5HYNz9cGI++xlpDCIgDaitVs03ATR84Q=="
    },
    "lodash.snakecase@4.1.1": {
      "integrity": "sha512-QZ1d4xoBHYUeuouhEq3lk3Uq7ldgyFXGBhg04+oRLnIz8o9T65Eh+8YdroUwn846zchkA9yDsDl5CVVaV2nqYw=="
    },
    "luxon@3.7.2": {
      "integrity": "sha512-vtEhXh/gNjI9Yg1u4jX/0YVPMvxzHuGgCm6tC5kZyb08yjGWGnqAjGJvcXbqQR2P3MyMEFnRbpcdFS6PBcLqew=="
    },
    "magic-bytes.js@1.13.0": {
      "integrity": "sha512-afO2mnxW7GDTXMm5/AoN1WuOcdoKhtgXjIvHmobqTD1grNplhGdv3PFOyjCVmrnOZBIT/gD/koDKpYG+0mvHcg=="
    },
    "nan@2.26.2": {
      "integrity": "sha512-0tTvBTYkt3tdGw22nrAy50x7gpbGCCFH3AFcyS5WiUu7Eu4vWlri1woE6qHBSfy11vksDqkiwjOnlR7WV8G1Hw=="
    },
    "node-gyp-build@4.8.4": {
      "integrity": "sha512-LA4ZjwlnUblHVgq0oBF3Jl/6h/Nvs5fzBLwdEF4nuxnFdsfajde4WfxtJr3CaiH+F6ewcIB/q4jQ4UzPyid+CQ==",
      "bin": true
    },
    "ts-mixer@6.0.4": {
      "integrity": "sha512-ufKpbmrugz5Aou4wcr5Wc1UUFWOLhq+Fm6qa6P0w0K5Qw2yhaUoiWszhCVuNQyNwrlGiscHOmqYoAox1PtvgjA=="
    },
    "tslib@2.8.1": {
      "integrity": "sha512-oJFu94HQb+KVduSUQL7wnpmqnfmLsOA/nAh6b6EH0wCEoK0/mPeXU6c3wKDV83MkOuHPRHtSXKKU99IBazS/2w=="
    },
    "undici-types@7.18.2": {
      "integrity": "sha512-AsuCzffGHJybSaRrmr5eHr81mwJU3kjw6M+uprWvCXiNeN9SOGwQ3Jn8jb8m3Z6izVgknn1R0FTCEAP2QrLY/w=="
    },
    "undici@7.22.0": {
      "integrity": "sha512-RqslV2Us5BrllB+JeiZnK4peryVTndy9Dnqq62S3yYRRTj0tFQCwEniUy2167skdGOy3vqRzEvl1Dm4sV2ReDg=="
    },
    "uuid@13.0.0": {
      "integrity": "sha512-XQegIaBTVUjSHliKqcnFqYypAd4S+WCYt5NIeRs6w/UAry7z8Y9j5ZwRRL4kzq9U3sD6v+85er9FvkEaBpji2w==",
      "bin": true
    },
    "ws@8.19.0_bufferutil@4.1.0": {
      "integrity": "sha512-blAT2mjOEIi0ZzruJfIhb3nps74PRWTCz1IjglWEEpQl5XS/UNama6u2/rjFkDDouqr4L67ry+1aGIALViWjDg==",
      "dependencies": [
        "bufferutil"
      ],
      "optionalPeers": [
        "bufferutil"
      ]
    },
    "zlib-sync@0.1.10": {
      "integrity": "sha512-t7/pYg5tLBznL1RuhmbAt8rNp5tbhr+TSrJFnMkRtrGIaPJZ6Dc0uR4u3OoQI2d6cGlVI62E3Gy6gwkxyIqr/w==",
      "dependencies": [
        "nan"
      ],
      "scripts": true
    },
    "zod@4.3.6": {
      "integrity": "sha512-rftlrkhHZOcjDwkGlnUtZZkvaPHCsDATp4pGpuOOMDaTdDDXF91wuVDJoWoPsKX/3YPQ5fHuF3STjcYyKr+Qhg=="
    }
  },
  "workspace": {
    "dependencies": [
      "jsr:@amethyst/discord-emoji@2.5.3",
      "jsr:@ledger/console-handler@0.2.4",
      "jsr:@ledger/ledger@0.3.7",
      "jsr:@std/fs@1.0.19",
      "jsr:@std/path@1.1.2",
      "jsr:@std/ulid@1.0.0",
      "npm:@discordjs/builders@dev",
      "npm:@leeoniya/ufuzzy@1.0.19",
      "npm:bufferutil@*",
      "npm:cron@4.3.3",
      "npm:discord.js@dev",
      "npm:zlib-sync@*"
    ]
  }
}
